<?xml version="1.0" encoding="utf-8"?>
<Project ToolsVersion="4.0" xmlns="http://schemas.microsoft.com/developer/msbuild/2003">
  <ItemGroup>
    <ClCompile Include="src\ofApp.cpp">
      <Filter>src</Filter>
    </ClCompile>
    <ClCompile Include="src\main.cpp">
      <Filter>src</Filter>
    </ClCompile>
    <ClCompile Include="..\..\..\addons\ofxAbletonLink\src\ofxAbletonLink.cpp">
      <Filter>addons\ofxAbletonLink\src</Filter>
    </ClCompile>
    <ClCompile Include="..\..\..\addons\ofxFFT\src\ofxFFTBase.cpp">
      <Filter>addons\ofxFFT\src</Filter>
    </ClCompile>
    <ClCompile Include="..\..\..\addons\ofxFFT\src\ofxFFTFile.cpp">
      <Filter>addons\ofxFFT\src</Filter>
    </ClCompile>
    <ClCompile Include="..\..\..\addons\ofxFFT\src\ofxFFTLive.cpp">
      <Filter>addons\ofxFFT\src</Filter>
    </ClCompile>
    <ClCompile Include="..\..\..\addons\ofxFFT\libs\fft.cpp">
      <Filter>addons\ofxFFT\libs</Filter>
    </ClCompile>
    <ClCompile Include="..\..\..\addons\ofxSpout2\src\ofxSpout2Receiver.cpp">
      <Filter>addons\ofxSpout2\src</Filter>
    </ClCompile>
    <ClCompile Include="..\..\..\addons\ofxSpout2\src\ofxSpout2Sender.cpp">
      <Filter>addons\ofxSpout2\src</Filter>
    </ClCompile>
    <ClCompile Include="..\..\..\addons\ofxSpout2\libs\src\SpoutDirectX.cpp">
      <Filter>addons\ofxSpout2\libs\src</Filter>
    </ClCompile>
    <ClCompile Include="..\..\..\addons\ofxSpout2\libs\src\SpoutGLDXinterop.cpp">
      <Filter>addons\ofxSpout2\libs\src</Filter>
    </ClCompile>
    <ClCompile Include="..\..\..\addons\ofxSpout2\libs\src\SpoutGLextensions.cpp">
      <Filter>addons\ofxSpout2\libs\src</Filter>
    </ClCompile>
    <ClCompile Include="..\..\..\addons\ofxSpout2\libs\src\SpoutMemoryShare.cpp">
      <Filter>addons\ofxSpout2\libs\src</Filter>
    </ClCompile>
    <ClCompile Include="..\..\..\addons\ofxSpout2\libs\src\SpoutReceiver.cpp">
      <Filter>addons\ofxSpout2\libs\src</Filter>
    </ClCompile>
    <ClCompile Include="..\..\..\addons\ofxSpout2\libs\src\SpoutSDK.cpp">
      <Filter>addons\ofxSpout2\libs\src</Filter>
    </ClCompile>
    <ClCompile Include="..\..\..\addons\ofxSpout2\libs\src\SpoutSender.cpp">
      <Filter>addons\ofxSpout2\libs\src</Filter>
    </ClCompile>
    <ClCompile Include="..\..\..\addons\ofxSpout2\libs\src\SpoutSenderNames.cpp">
      <Filter>addons\ofxSpout2\libs\src</Filter>
    </ClCompile>
    <ClCompile Include="..\..\..\addons\ofxSpout2\libs\src\SpoutSharedMemory.cpp">
      <Filter>addons\ofxSpout2\libs\src</Filter>
    </ClCompile>
    <ClCompile Include="..\..\..\addons\ofxXmlSettings\src\ofxXmlSettings.cpp">
      <Filter>addons\ofxXmlSettings\src</Filter>
    </ClCompile>
    <ClCompile Include="..\..\..\addons\ofxXmlSettings\libs\tinyxml.cpp">
      <Filter>addons\ofxXmlSettings\libs</Filter>
    </ClCompile>
    <ClCompile Include="..\..\..\addons\ofxXmlSettings\libs\tinyxmlerror.cpp">
      <Filter>addons\ofxXmlSettings\libs</Filter>
    </ClCompile>
    <ClCompile Include="..\..\..\addons\ofxXmlSettings\libs\tinyxmlparser.cpp">
      <Filter>addons\ofxXmlSettings\libs</Filter>
    </ClCompile>
  </ItemGroup>
  <ItemGroup>
    <Filter Include="src">
      <UniqueIdentifier>{d8376475-7454-4a24-b08a-aac121d3ad6f}</UniqueIdentifier>
    </Filter>
    <Filter Include="addons">
      <UniqueIdentifier>{71834F65-F3A9-211E-73B8-DC85}</UniqueIdentifier>
    </Filter>
    <Filter Include="addons\ofxAbletonLink">
      <UniqueIdentifier>{A484E538-7342-9CE2-4235-AF3D}</UniqueIdentifier>
    </Filter>
    <Filter Include="addons\ofxAbletonLink\src">
      <UniqueIdentifier>{796511B9-59B6-6B02-F4B3-CFA7}</UniqueIdentifier>
    </Filter>
    <Filter Include="addons\ofxFFT">
      <UniqueIdentifier>{A51EF345-6145-7F34-5210-584B}</UniqueIdentifier>
    </Filter>
    <Filter Include="addons\ofxFFT\src">
      <UniqueIdentifier>{CEF5BE20-E223-E8E5-5FDB-C2D7}</UniqueIdentifier>
    </Filter>
    <Filter Include="addons\ofxFFT\libs">
      <UniqueIdentifier>{1AA69749-353B-6094-7733-4489}</UniqueIdentifier>
    </Filter>
    <Filter Include="bin">
      <UniqueIdentifier>{bba0664d-6ea7-4c11-8094-43137d25e96d}</UniqueIdentifier>
    </Filter>
    <Filter Include="bin\data">
      <UniqueIdentifier>{08f1aa83-cff4-42ff-af0b-57ad66088209}</UniqueIdentifier>
    </Filter>
    <Filter Include="bin\data\shaders">
      <UniqueIdentifier>{182d9faf-3432-4345-9020-4a1a4e0df955}</UniqueIdentifier>
    </Filter>
    <Filter Include="addons\ofxSpout2">
      <UniqueIdentifier>{a160b689-be8f-4d21-a94c-0e95708c675c}</UniqueIdentifier>
    </Filter>
    <Filter Include="addons\ofxSpout2\src">
      <UniqueIdentifier>{911f60b8-9943-4158-a9dd-0de86900db7a}</UniqueIdentifier>
    </Filter>
    <Filter Include="addons\ofxSpout2\libs">
      <UniqueIdentifier>{19ab70f8-3d41-4d40-8478-d4cd043daefa}</UniqueIdentifier>
    </Filter>
    <Filter Include="addons\ofxSpout2\libs\include">
      <UniqueIdentifier>{272bc696-f202-48bd-b040-24eb1a45ec17}</UniqueIdentifier>
    </Filter>
    <Filter Include="addons\ofxSpout2\libs\src">
      <UniqueIdentifier>{3e360ce0-6218-46f1-a216-4479ba53e9db}</UniqueIdentifier>
    </Filter>
    <Filter Include="addons\ofxXmlSettings">
      <UniqueIdentifier>{4d0693cb-b99d-4efe-a96c-87527f6baa45}</UniqueIdentifier>
    </Filter>
    <Filter Include="addons\ofxXmlSettings\src">
      <UniqueIdentifier>{56a0f942-b3ca-4597-900c-f5f680ac82bd}</UniqueIdentifier>
    </Filter>
    <Filter Include="addons\ofxXmlSettings\libs">
      <UniqueIdentifier>{0324aa31-a8f9-4e33-bfeb-af5f5ca63ec0}</UniqueIdentifier>
    </Filter>
  </ItemGroup>
  <ItemGroup>
    <ClInclude Include="src\ofApp.h">
      <Filter>src</Filter>
    </ClInclude>
    <ClInclude Include="..\..\..\addons\ofxAbletonLink\src\ofxAbletonLink.h">
      <Filter>addons\ofxAbletonLink\src</Filter>
    </ClInclude>
    <ClInclude Include="..\..\..\addons\ofxFFT\src\ofxFFTBase.h">
      <Filter>addons\ofxFFT\src</Filter>
    </ClInclude>
    <ClInclude Include="..\..\..\addons\ofxFFT\src\ofxFFTFile.h">
      <Filter>addons\ofxFFT\src</Filter>
    </ClInclude>
    <ClInclude Include="..\..\..\addons\ofxFFT\src\ofxFFTLive.h">
      <Filter>addons\ofxFFT\src</Filter>
    </ClInclude>
    <ClInclude Include="..\..\..\addons\ofxFFT\libs\fft.h">
      <Filter>addons\ofxFFT\libs</Filter>
    </ClInclude>
    <ClInclude Include="..\..\..\addons\ofxSpout2\src\ofxSpout2Receiver.h">
      <Filter>addons\ofxSpout2\src</Filter>
    </ClInclude>
    <ClInclude Include="..\..\..\addons\ofxSpout2\src\ofxSpout2Sender.h">
      <Filter>addons\ofxSpout2\src</Filter>
    </ClInclude>
    <ClInclude Include="..\..\..\addons\ofxSpout2\libs\include\Spout.h">
      <Filter>addons\ofxSpout2\libs\include</Filter>
    </ClInclude>
    <ClInclude Include="..\..\..\addons\ofxSpout2\libs\include\SpoutCommon.h">
      <Filter>addons\ofxSpout2\libs\include</Filter>
    </ClInclude>
    <ClInclude Include="..\..\..\addons\ofxSpout2\libs\include\SpoutDirectX.h">
      <Filter>addons\ofxSpout2\libs\include</Filter>
    </ClInclude>
    <ClInclude Include="..\..\..\addons\ofxSpout2\libs\include\SpoutGLDXinterop.h">
      <Filter>addons\ofxSpout2\libs\include</Filter>
    </ClInclude>
    <ClInclude Include="..\..\..\addons\ofxSpout2\libs\include\SpoutGLextensions.h">
      <Filter>addons\ofxSpout2\libs\include</Filter>
    </ClInclude>
    <ClInclude Include="..\..\..\addons\ofxSpout2\libs\include\SpoutMemoryShare.h">
      <Filter>addons\ofxSpout2\libs\include</Filter>
    </ClInclude>
    <ClInclude Include="..\..\..\addons\ofxSpout2\libs\include\SpoutReceiver.h">
      <Filter>addons\ofxSpout2\libs\include</Filter>
    </ClInclude>
    <ClInclude Include="..\..\..\addons\ofxSpout2\libs\include\SpoutSDK.h">
      <Filter>addons\ofxSpout2\libs\include</Filter>
    </ClInclude>
    <ClInclude Include="..\..\..\addons\ofxSpout2\libs\include\SpoutSender.h">
      <Filter>addons\ofxSpout2\libs\include</Filter>
    </ClInclude>
    <ClInclude Include="..\..\..\addons\ofxSpout2\libs\include\SpoutSenderNames.h">
      <Filter>addons\ofxSpout2\libs\include</Filter>
    </ClInclude>
    <ClInclude Include="..\..\..\addons\ofxSpout2\libs\include\SpoutSharedMemory.h">
      <Filter>addons\ofxSpout2\libs\include</Filter>
    </ClInclude>
    <ClInclude Include="..\..\..\addons\ofxXmlSettings\src\ofxXmlSettings.h">
      <Filter>addons\ofxXmlSettings\src</Filter>
    </ClInclude>
    <ClInclude Include="..\..\..\addons\ofxXmlSettings\libs\tinyxml.h">
      <Filter>addons\ofxXmlSettings\libs</Filter>
    </ClInclude>
  </ItemGroup>
  <ItemGroup>
    <ResourceCompile Include="icon.rc" />
  </ItemGroup>
  <ItemGroup>
    <None Include="bin\data\shaders\displace.frag">
      <Filter>bin\data\shaders</Filter>
    </None>
    <None Include="bin\data\shaders\displace.vert">
      <Filter>bin\data\shaders</Filter>
    </None>
  </ItemGroup>
</Project>